
Microsoft Visual Studio Solution File, Format Version 11.00
# Visual Studio 2010
Project("{FAE04EC0-301F-11D3-BF4B-00C04F79EFBC}") = "PrintUserSymbol", "PrintUserSymbol\PrintUserSymbol.csproj", "{4FA2836C-33FA-45F5-9F8E-6734D782B896}"
EndProject
Global
	GlobalSection(TeamFoundationVersionControl) = preSolution
		SccNumberOfProjects = 2
		SccEnterpriseProvider = {4CA58AB2-18FA-4F8D-95D4-32DDF27D184C}
		SccTeamFoundationServer = https://popeyeteam.visualstudio.com/defaultcollection
		SccLocalPath0 = .
		SccProjectUniqueName1 = PrintUserSymbol\\PrintUserSymbol.csproj
		SccProjectName1 = PrintUserSymbol
		SccLocalPath1 = PrintUserSymbol
	EndGlobalSection
	GlobalSection(SolutionConfigurationPlatforms) = preSolution
		Debug|x86 = Debug|x86
		Release|x86 = Release|x86
	EndGlobalSection
	GlobalSection(ProjectConfigurationPlatforms) = postSolution
		{4FA2836C-33FA-45F5-9F8E-6734D782B896}.Debug|x86.ActiveCfg = Debug|x86
		{4FA2836C-33FA-45F5-9F8E-6734D782B896}.Debug|x86.Build.0 = Debug|x86
		{4FA2836C-33FA-45F5-9F8E-6734D782B896}.Release|x86.ActiveCfg = Release|x86
		{4FA2836C-33FA-45F5-9F8E-6734D782B896}.Release|x86.Build.0 = Release|x86
	EndGlobalSection
	GlobalSection(SolutionProperties) = preSolution
		HideSolutionNode = FALSE
	EndGlobalSection
EndGlobal
