
Microsoft Visual Studio Solution File, Format Version 12.00
# Visual Studio 2012
Project("{FAE04EC0-301F-11D3-BF4B-00C04F79EFBC}") = "01-03.Student", "01-03.Student\01-03.Student.csproj", "{E3D4D2B3-2451-4314-9769-ACCE891311E5}"
EndProject
Project("{FAE04EC0-301F-11D3-BF4B-00C04F79EFBC}") = "04.PersonClass", "PersonClass\04.PersonClass.csproj", "{38CB5E49-8FC8-49BF-A7B3-F4E1AB597C87}"
EndProject
Project("{FAE04EC0-301F-11D3-BF4B-00C04F79EFBC}") = "05.ClassBitArray64", "ClassBitArray64\05.ClassBitArray64.csproj", "{0BF416F6-05D4-4BE8-8CB9-6909242A17F7}"
EndProject
Global
	GlobalSection(SolutionConfigurationPlatforms) = preSolution
		Debug|Any CPU = Debug|Any CPU
		Release|Any CPU = Release|Any CPU
	EndGlobalSection
	GlobalSection(ProjectConfigurationPlatforms) = postSolution
		{E3D4D2B3-2451-4314-9769-ACCE891311E5}.Debug|Any CPU.ActiveCfg = Debug|Any CPU
		{E3D4D2B3-2451-4314-9769-ACCE891311E5}.Debug|Any CPU.Build.0 = Debug|Any CPU
		{E3D4D2B3-2451-4314-9769-ACCE891311E5}.Release|Any CPU.ActiveCfg = Release|Any CPU
		{E3D4D2B3-2451-4314-9769-ACCE891311E5}.Release|Any CPU.Build.0 = Release|Any CPU
		{38CB5E49-8FC8-49BF-A7B3-F4E1AB597C87}.Debug|Any CPU.ActiveCfg = Debug|Any CPU
		{38CB5E49-8FC8-49BF-A7B3-F4E1AB597C87}.Debug|Any CPU.Build.0 = Debug|Any CPU
		{38CB5E49-8FC8-49BF-A7B3-F4E1AB597C87}.Release|Any CPU.ActiveCfg = Release|Any CPU
		{38CB5E49-8FC8-49BF-A7B3-F4E1AB597C87}.Release|Any CPU.Build.0 = Release|Any CPU
		{0BF416F6-05D4-4BE8-8CB9-6909242A17F7}.Debug|Any CPU.ActiveCfg = Debug|Any CPU
		{0BF416F6-05D4-4BE8-8CB9-6909242A17F7}.Debug|Any CPU.Build.0 = Debug|Any CPU
		{0BF416F6-05D4-4BE8-8CB9-6909242A17F7}.Release|Any CPU.ActiveCfg = Release|Any CPU
		{0BF416F6-05D4-4BE8-8CB9-6909242A17F7}.Release|Any CPU.Build.0 = Release|Any CPU
	EndGlobalSection
	GlobalSection(SolutionProperties) = preSolution
		HideSolutionNode = FALSE
	EndGlobalSection
EndGlobal
